
Microsoft Visual Studio Solution File, Format Version 12.00
# Visual Studio 15
VisualStudioVersion = 15.0.27703.2018
MinimumVisualStudioVersion = 10.0.40219.1
Project("{FAE04EC0-301F-11D3-BF4B-00C04F79EFBC}") = "TemporaryDBappllication", "TemporaryDBappllication\TemporaryDBappllication.csproj", "{949B954D-DDAD-4F1C-AB77-8E334336CA9E}"
EndProject
Project("{FAE04EC0-301F-11D3-BF4B-00C04F79EFBC}") = "TemporaryDBappllicationAPI", "TemporaryDBappllicationAPI\TemporaryDBappllicationAPI.csproj", "{7D7B90BB-FA07-44EB-BBC9-1F0C58FCB685}"
EndProject
Global
	GlobalSection(SolutionConfigurationPlatforms) = preSolution
		Debug|Any CPU = Debug|Any CPU
		Release|Any CPU = Release|Any CPU
	EndGlobalSection
	GlobalSection(ProjectConfigurationPlatforms) = postSolution
		{949B954D-DDAD-4F1C-AB77-8E334336CA9E}.Debug|Any CPU.ActiveCfg = Debug|Any CPU
		{949B954D-DDAD-4F1C-AB77-8E334336CA9E}.Debug|Any CPU.Build.0 = Debug|Any CPU
		{949B954D-DDAD-4F1C-AB77-8E334336CA9E}.Release|Any CPU.ActiveCfg = Release|Any CPU
		{949B954D-DDAD-4F1C-AB77-8E334336CA9E}.Release|Any CPU.Build.0 = Release|Any CPU
		{7D7B90BB-FA07-44EB-BBC9-1F0C58FCB685}.Debug|Any CPU.ActiveCfg = Debug|Any CPU
		{7D7B90BB-FA07-44EB-BBC9-1F0C58FCB685}.Debug|Any CPU.Build.0 = Debug|Any CPU
		{7D7B90BB-FA07-44EB-BBC9-1F0C58FCB685}.Release|Any CPU.ActiveCfg = Release|Any CPU
		{7D7B90BB-FA07-44EB-BBC9-1F0C58FCB685}.Release|Any CPU.Build.0 = Release|Any CPU
	EndGlobalSection
	GlobalSection(SolutionProperties) = preSolution
		HideSolutionNode = FALSE
	EndGlobalSection
	GlobalSection(ExtensibilityGlobals) = postSolution
	    SolutionGuid = {6B033F66-C506-401F-B423-796F0BC1E1E7}
	EndGlobalSection
EndGlobal
