
Microsoft Visual Studio Solution File, Format Version 12.00
# Visual Studio 15
VisualStudioVersion = 15.0.27703.2018
MinimumVisualStudioVersion = 10.0.40219.1
Project("{FAE04EC0-301F-11D3-BF4B-00C04F79EFBC}") = "CourseEnquiry1", "CourseEnquiry1\CourseEnquiry1.csproj", "{72163CFB-760D-431D-BB8D-2A19F5320340}"
EndProject
Project("{FAE04EC0-301F-11D3-BF4B-00C04F79EFBC}") = "CourseEnquiry1API", "CourseEnquiry1API\CourseEnquiry1API.csproj", "{9A595098-EE6F-40D9-83AF-3464E89FFA92}"
EndProject
Global
	GlobalSection(SolutionConfigurationPlatforms) = preSolution
		Debug|Any CPU = Debug|Any CPU
		Release|Any CPU = Release|Any CPU
	EndGlobalSection
	GlobalSection(ProjectConfigurationPlatforms) = postSolution
		{72163CFB-760D-431D-BB8D-2A19F5320340}.Debug|Any CPU.ActiveCfg = Debug|Any CPU
		{72163CFB-760D-431D-BB8D-2A19F5320340}.Debug|Any CPU.Build.0 = Debug|Any CPU
		{72163CFB-760D-431D-BB8D-2A19F5320340}.Release|Any CPU.ActiveCfg = Release|Any CPU
		{72163CFB-760D-431D-BB8D-2A19F5320340}.Release|Any CPU.Build.0 = Release|Any CPU
		{9A595098-EE6F-40D9-83AF-3464E89FFA92}.Debug|Any CPU.ActiveCfg = Debug|Any CPU
		{9A595098-EE6F-40D9-83AF-3464E89FFA92}.Debug|Any CPU.Build.0 = Debug|Any CPU
		{9A595098-EE6F-40D9-83AF-3464E89FFA92}.Release|Any CPU.ActiveCfg = Release|Any CPU
		{9A595098-EE6F-40D9-83AF-3464E89FFA92}.Release|Any CPU.Build.0 = Release|Any CPU
	EndGlobalSection
	GlobalSection(SolutionProperties) = preSolution
		HideSolutionNode = FALSE
	EndGlobalSection
	GlobalSection(ExtensibilityGlobals) = postSolution
	    SolutionGuid = {A34DCF1F-9C4C-464A-AB74-DC15EBABB3DD}
	EndGlobalSection
EndGlobal
